
Microsoft Visual Studio Solution File, Format Version 12.00
# Visual Studio Version 17
VisualStudioVersion = 17.14.36414.22
MinimumVisualStudioVersion = 10.0.40219.1
Project("{8BC9CEB8-8B4A-11D0-8D11-00A0C91BC942}") = "VectorChallenge", "VectorChallenge\VectorChallenge.vcxproj", "{1F12B4DA-8DF6-433B-9DC5-968D4242F178}"
EndProject
Project("{8BC9CEB8-8B4A-11D0-8D11-00A0C91BC942}") = "QuizGame", "QuizGame\QuizGame.vcxproj", "{886A4A51-5572-434E-B031-80D4A32E2BED}"
EndProject
Project("{8BC9CEB8-8B4A-11D0-8D11-00A0C91BC942}") = "GameLiberary", "GameLiberary\GameLiberary.vcxproj", "{90878E26-CC30-46D1-AAD4-D420893F9FE2}"
EndProject
Project("{8BC9CEB8-8B4A-11D0-8D11-00A0C91BC942}") = "testing Cache speed difference", "testing Cache speed difference\testing Cache speed difference.vcxproj", "{8F973279-9967-4E4B-B1D0-80CC8E634648}"
EndProject
Project("{8BC9CEB8-8B4A-11D0-8D11-00A0C91BC942}") = "ChatGPT_GameLiberary", "ChatGPT_GameLiberary\ChatGPT_GameLiberary.vcxproj", "{F1457E98-9325-4816-B458-D7AD6623AA6C}"
EndProject
Global
	GlobalSection(SolutionConfigurationPlatforms) = preSolution
		Debug|x64 = Debug|x64
		Debug|x86 = Debug|x86
		Release|x64 = Release|x64
		Release|x86 = Release|x86
	EndGlobalSection
	GlobalSection(ProjectConfigurationPlatforms) = postSolution
		{1F12B4DA-8DF6-433B-9DC5-968D4242F178}.Debug|x64.ActiveCfg = Debug|x64
		{1F12B4DA-8DF6-433B-9DC5-968D4242F178}.Debug|x64.Build.0 = Debug|x64
		{1F12B4DA-8DF6-433B-9DC5-968D4242F178}.Debug|x86.ActiveCfg = Debug|Win32
		{1F12B4DA-8DF6-433B-9DC5-968D4242F178}.Debug|x86.Build.0 = Debug|Win32
		{1F12B4DA-8DF6-433B-9DC5-968D4242F178}.Release|x64.ActiveCfg = Release|x64
		{1F12B4DA-8DF6-433B-9DC5-968D4242F178}.Release|x64.Build.0 = Release|x64
		{1F12B4DA-8DF6-433B-9DC5-968D4242F178}.Release|x86.ActiveCfg = Release|Win32
		{1F12B4DA-8DF6-433B-9DC5-968D4242F178}.Release|x86.Build.0 = Release|Win32
		{886A4A51-5572-434E-B031-80D4A32E2BED}.Debug|x64.ActiveCfg = Debug|x64
		{886A4A51-5572-434E-B031-80D4A32E2BED}.Debug|x64.Build.0 = Debug|x64
		{886A4A51-5572-434E-B031-80D4A32E2BED}.Debug|x86.ActiveCfg = Debug|Win32
		{886A4A51-5572-434E-B031-80D4A32E2BED}.Debug|x86.Build.0 = Debug|Win32
		{886A4A51-5572-434E-B031-80D4A32E2BED}.Release|x64.ActiveCfg = Release|x64
		{886A4A51-5572-434E-B031-80D4A32E2BED}.Release|x64.Build.0 = Release|x64
		{886A4A51-5572-434E-B031-80D4A32E2BED}.Release|x86.ActiveCfg = Release|Win32
		{886A4A51-5572-434E-B031-80D4A32E2BED}.Release|x86.Build.0 = Release|Win32
		{90878E26-CC30-46D1-AAD4-D420893F9FE2}.Debug|x64.ActiveCfg = Debug|x64
		{90878E26-CC30-46D1-AAD4-D420893F9FE2}.Debug|x64.Build.0 = Debug|x64
		{90878E26-CC30-46D1-AAD4-D420893F9FE2}.Debug|x86.ActiveCfg = Debug|Win32
		{90878E26-CC30-46D1-AAD4-D420893F9FE2}.Debug|x86.Build.0 = Debug|Win32
		{90878E26-CC30-46D1-AAD4-D420893F9FE2}.Release|x64.ActiveCfg = Release|x64
		{90878E26-CC30-46D1-AAD4-D420893F9FE2}.Release|x64.Build.0 = Release|x64
		{90878E26-CC30-46D1-AAD4-D420893F9FE2}.Release|x86.ActiveCfg = Release|Win32
		{90878E26-CC30-46D1-AAD4-D420893F9FE2}.Release|x86.Build.0 = Release|Win32
		{8F973279-9967-4E4B-B1D0-80CC8E634648}.Debug|x64.ActiveCfg = Debug|x64
		{8F973279-9967-4E4B-B1D0-80CC8E634648}.Debug|x64.Build.0 = Debug|x64
		{8F973279-9967-4E4B-B1D0-80CC8E634648}.Debug|x86.ActiveCfg = Debug|Win32
		{8F973279-9967-4E4B-B1D0-80CC8E634648}.Debug|x86.Build.0 = Debug|Win32
		{8F973279-9967-4E4B-B1D0-80CC8E634648}.Release|x64.ActiveCfg = Release|x64
		{8F973279-9967-4E4B-B1D0-80CC8E634648}.Release|x64.Build.0 = Release|x64
		{8F973279-9967-4E4B-B1D0-80CC8E634648}.Release|x86.ActiveCfg = Release|Win32
		{8F973279-9967-4E4B-B1D0-80CC8E634648}.Release|x86.Build.0 = Release|Win32
		{F1457E98-9325-4816-B458-D7AD6623AA6C}.Debug|x64.ActiveCfg = Debug|x64
		{F1457E98-9325-4816-B458-D7AD6623AA6C}.Debug|x64.Build.0 = Debug|x64
		{F1457E98-9325-4816-B458-D7AD6623AA6C}.Debug|x86.ActiveCfg = Debug|Win32
		{F1457E98-9325-4816-B458-D7AD6623AA6C}.Debug|x86.Build.0 = Debug|Win32
		{F1457E98-9325-4816-B458-D7AD6623AA6C}.Release|x64.ActiveCfg = Release|x64
		{F1457E98-9325-4816-B458-D7AD6623AA6C}.Release|x64.Build.0 = Release|x64
		{F1457E98-9325-4816-B458-D7AD6623AA6C}.Release|x86.ActiveCfg = Release|Win32
		{F1457E98-9325-4816-B458-D7AD6623AA6C}.Release|x86.Build.0 = Release|Win32
	EndGlobalSection
	GlobalSection(SolutionProperties) = preSolution
		HideSolutionNode = FALSE
	EndGlobalSection
	GlobalSection(ExtensibilityGlobals) = postSolution
		SolutionGuid = {F4EE428F-7F82-47AB-B3B7-05F8D84318C8}
	EndGlobalSection
EndGlobal
